
Microsoft Visual Studio Solution File, Format Version 12.00
# Visual Studio Version 16
VisualStudioVersion = 16.0.30711.63
MinimumVisualStudioVersion = 10.0.40219.1
Project("{FAE04EC0-301F-11D3-BF4B-00C04F79EFBC}") = "Chat", "Chatex\Chat.csproj", "{6A6A390B-A6CF-4F2B-A97C-F2C0D50D263F}"
EndProject
Project("{FAE04EC0-301F-11D3-BF4B-00C04F79EFBC}") = "Server", "Server\Server.csproj", "{C2B3FBC5-8E4C-4056-BE22-15DD94022B7C}"
EndProject
Project("{FAE04EC0-301F-11D3-BF4B-00C04F79EFBC}") = "ChatModelsDLL", "ChatModelsDLL\ChatModelsDLL.csproj", "{A3846EAF-A61B-46E2-AA34-631C9345FDE2}"
EndProject
Project("{FAE04EC0-301F-11D3-BF4B-00C04F79EFBC}") = "RequestsDLL", "RequestsDLL\RequestsDLL.csproj", "{FD412454-C941-4B8F-84F5-688F9B3972F6}"
EndProject
Project("{FAE04EC0-301F-11D3-BF4B-00C04F79EFBC}") = "ServerAssistant", "ServerAssistant\ServerAssistant.csproj", "{21694B6D-70B8-40A1-8A06-A615CBFD0FDC}"
EndProject
Global
	GlobalSection(SolutionConfigurationPlatforms) = preSolution
		Debug|Any CPU = Debug|Any CPU
		Release|Any CPU = Release|Any CPU
	EndGlobalSection
	GlobalSection(ProjectConfigurationPlatforms) = postSolution
		{6A6A390B-A6CF-4F2B-A97C-F2C0D50D263F}.Debug|Any CPU.ActiveCfg = Debug|Any CPU
		{6A6A390B-A6CF-4F2B-A97C-F2C0D50D263F}.Debug|Any CPU.Build.0 = Debug|Any CPU
		{6A6A390B-A6CF-4F2B-A97C-F2C0D50D263F}.Release|Any CPU.ActiveCfg = Release|Any CPU
		{6A6A390B-A6CF-4F2B-A97C-F2C0D50D263F}.Release|Any CPU.Build.0 = Release|Any CPU
		{C2B3FBC5-8E4C-4056-BE22-15DD94022B7C}.Debug|Any CPU.ActiveCfg = Debug|Any CPU
		{C2B3FBC5-8E4C-4056-BE22-15DD94022B7C}.Debug|Any CPU.Build.0 = Debug|Any CPU
		{C2B3FBC5-8E4C-4056-BE22-15DD94022B7C}.Release|Any CPU.ActiveCfg = Release|Any CPU
		{C2B3FBC5-8E4C-4056-BE22-15DD94022B7C}.Release|Any CPU.Build.0 = Release|Any CPU
		{A3846EAF-A61B-46E2-AA34-631C9345FDE2}.Debug|Any CPU.ActiveCfg = Debug|Any CPU
		{A3846EAF-A61B-46E2-AA34-631C9345FDE2}.Debug|Any CPU.Build.0 = Debug|Any CPU
		{A3846EAF-A61B-46E2-AA34-631C9345FDE2}.Release|Any CPU.ActiveCfg = Release|Any CPU
		{A3846EAF-A61B-46E2-AA34-631C9345FDE2}.Release|Any CPU.Build.0 = Release|Any CPU
		{FD412454-C941-4B8F-84F5-688F9B3972F6}.Debug|Any CPU.ActiveCfg = Debug|Any CPU
		{FD412454-C941-4B8F-84F5-688F9B3972F6}.Debug|Any CPU.Build.0 = Debug|Any CPU
		{FD412454-C941-4B8F-84F5-688F9B3972F6}.Release|Any CPU.ActiveCfg = Release|Any CPU
		{FD412454-C941-4B8F-84F5-688F9B3972F6}.Release|Any CPU.Build.0 = Release|Any CPU
		{21694B6D-70B8-40A1-8A06-A615CBFD0FDC}.Debug|Any CPU.ActiveCfg = Debug|Any CPU
		{21694B6D-70B8-40A1-8A06-A615CBFD0FDC}.Debug|Any CPU.Build.0 = Debug|Any CPU
		{21694B6D-70B8-40A1-8A06-A615CBFD0FDC}.Release|Any CPU.ActiveCfg = Release|Any CPU
		{21694B6D-70B8-40A1-8A06-A615CBFD0FDC}.Release|Any CPU.Build.0 = Release|Any CPU
	EndGlobalSection
	GlobalSection(SolutionProperties) = preSolution
		HideSolutionNode = FALSE
	EndGlobalSection
	GlobalSection(ExtensibilityGlobals) = postSolution
		SolutionGuid = {574DE362-8830-4DBA-B183-82F2F36917F6}
	EndGlobalSection
EndGlobal
